
Microsoft Visual Studio Solution File, Format Version 12.00
# Visual Studio Version 17
VisualStudioVersion = 17.4.33103.184
MinimumVisualStudioVersion = 10.0.40219.1
Project("{9A19103F-16F7-4668-BE54-9A1E7A4F7556}") = "Test", "Test.csproj", "{5CEB29AF-3AC5-4196-A939-1786385A0C01}"
EndProject
Project("{FAE04EC0-301F-11D3-BF4B-00C04F79EFBC}") = "XUnittest", "..\XUnittest\XUnittest.csproj", "{8934E9BE-B71E-4F79-A0F7-E3E8D4A816EC}"
EndProject
Global
	GlobalSection(SolutionConfigurationPlatforms) = preSolution
		Debug|Any CPU = Debug|Any CPU
		Release|Any CPU = Release|Any CPU
	EndGlobalSection
	GlobalSection(ProjectConfigurationPlatforms) = postSolution
		{5CEB29AF-3AC5-4196-A939-1786385A0C01}.Debug|Any CPU.ActiveCfg = Debug|Any CPU
		{5CEB29AF-3AC5-4196-A939-1786385A0C01}.Debug|Any CPU.Build.0 = Debug|Any CPU
		{5CEB29AF-3AC5-4196-A939-1786385A0C01}.Release|Any CPU.ActiveCfg = Release|Any CPU
		{5CEB29AF-3AC5-4196-A939-1786385A0C01}.Release|Any CPU.Build.0 = Release|Any CPU
		{8934E9BE-B71E-4F79-A0F7-E3E8D4A816EC}.Debug|Any CPU.ActiveCfg = Debug|Any CPU
		{8934E9BE-B71E-4F79-A0F7-E3E8D4A816EC}.Debug|Any CPU.Build.0 = Debug|Any CPU
		{8934E9BE-B71E-4F79-A0F7-E3E8D4A816EC}.Release|Any CPU.ActiveCfg = Release|Any CPU
		{8934E9BE-B71E-4F79-A0F7-E3E8D4A816EC}.Release|Any CPU.Build.0 = Release|Any CPU
	EndGlobalSection
	GlobalSection(SolutionProperties) = preSolution
		HideSolutionNode = FALSE
	EndGlobalSection
	GlobalSection(ExtensibilityGlobals) = postSolution
		SolutionGuid = {C556E3EC-D25A-40FD-AD91-326E3A25EED1}
	EndGlobalSection
EndGlobal
